
Microsoft Visual Studio Solution File, Format Version 12.00
# Visual Studio Version 17
VisualStudioVersion = 17.10.34818.151
MinimumVisualStudioVersion = 10.0.40219.1
Project("{9A19103F-16F7-4668-BE54-9A1E7A4F7556}") = "SchedulingApp.Shared", "SchedulingApp.Shared\SchedulingApp.Shared.csproj", "{33551F69-EAE6-4EB5-8291-41A672B1A7CB}"
EndProject
Project("{FAE04EC0-301F-11D3-BF4B-00C04F79EFBC}") = "SchedulingAppV2", "..\SchedulingAppV2\SchedulingAppV2\SchedulingAppV2.csproj", "{D266E34B-6170-4DAD-B0F2-F0F2E4971B82}"
EndProject
Project("{FAE04EC0-301F-11D3-BF4B-00C04F79EFBC}") = "SchedulingAppV2.Client", "..\SchedulingAppV2\SchedulingAppV2.Client\SchedulingAppV2.Client.csproj", "{70545A66-F995-4DD6-B3B0-91723175FD45}"
EndProject
Global
	GlobalSection(SolutionConfigurationPlatforms) = preSolution
		Debug|Any CPU = Debug|Any CPU
		Release|Any CPU = Release|Any CPU
	EndGlobalSection
	GlobalSection(ProjectConfigurationPlatforms) = postSolution
		{33551F69-EAE6-4EB5-8291-41A672B1A7CB}.Debug|Any CPU.ActiveCfg = Debug|Any CPU
		{33551F69-EAE6-4EB5-8291-41A672B1A7CB}.Debug|Any CPU.Build.0 = Debug|Any CPU
		{33551F69-EAE6-4EB5-8291-41A672B1A7CB}.Release|Any CPU.ActiveCfg = Release|Any CPU
		{33551F69-EAE6-4EB5-8291-41A672B1A7CB}.Release|Any CPU.Build.0 = Release|Any CPU
		{D266E34B-6170-4DAD-B0F2-F0F2E4971B82}.Debug|Any CPU.ActiveCfg = Debug|Any CPU
		{D266E34B-6170-4DAD-B0F2-F0F2E4971B82}.Debug|Any CPU.Build.0 = Debug|Any CPU
		{D266E34B-6170-4DAD-B0F2-F0F2E4971B82}.Release|Any CPU.ActiveCfg = Release|Any CPU
		{D266E34B-6170-4DAD-B0F2-F0F2E4971B82}.Release|Any CPU.Build.0 = Release|Any CPU
		{70545A66-F995-4DD6-B3B0-91723175FD45}.Debug|Any CPU.ActiveCfg = Debug|Any CPU
		{70545A66-F995-4DD6-B3B0-91723175FD45}.Debug|Any CPU.Build.0 = Debug|Any CPU
		{70545A66-F995-4DD6-B3B0-91723175FD45}.Release|Any CPU.ActiveCfg = Release|Any CPU
		{70545A66-F995-4DD6-B3B0-91723175FD45}.Release|Any CPU.Build.0 = Release|Any CPU
	EndGlobalSection
	GlobalSection(SolutionProperties) = preSolution
		HideSolutionNode = FALSE
	EndGlobalSection
	GlobalSection(ExtensibilityGlobals) = postSolution
		SolutionGuid = {E43B9F41-E934-49D3-A85D-461457CA7739}
	EndGlobalSection
EndGlobal
