
Microsoft Visual Studio Solution File, Format Version 12.00
# Visual Studio Version 17
VisualStudioVersion = 17.4.33213.308
MinimumVisualStudioVersion = 10.0.40219.1
Project("{FAE04EC0-301F-11D3-BF4B-00C04F79EFBC}") = "OIDCAuthentication", "OIDCAuthentication\OIDCAuthentication.csproj", "{2D2105F6-CA1E-4EF7-9273-2CBF46325C1B}"
EndProject
Project("{FAE04EC0-301F-11D3-BF4B-00C04F79EFBC}") = "LoginService", "LoginService\LoginService.csproj", "{8C6309CF-7DFD-4284-8077-483127B964F6}"
EndProject
Global
	GlobalSection(SolutionConfigurationPlatforms) = preSolution
		Debug|Any CPU = Debug|Any CPU
		Release|Any CPU = Release|Any CPU
	EndGlobalSection
	GlobalSection(ProjectConfigurationPlatforms) = postSolution
		{2D2105F6-CA1E-4EF7-9273-2CBF46325C1B}.Debug|Any CPU.ActiveCfg = Debug|Any CPU
		{2D2105F6-CA1E-4EF7-9273-2CBF46325C1B}.Debug|Any CPU.Build.0 = Debug|Any CPU
		{2D2105F6-CA1E-4EF7-9273-2CBF46325C1B}.Release|Any CPU.ActiveCfg = Release|Any CPU
		{2D2105F6-CA1E-4EF7-9273-2CBF46325C1B}.Release|Any CPU.Build.0 = Release|Any CPU
		{8C6309CF-7DFD-4284-8077-483127B964F6}.Debug|Any CPU.ActiveCfg = Debug|Any CPU
		{8C6309CF-7DFD-4284-8077-483127B964F6}.Debug|Any CPU.Build.0 = Debug|Any CPU
		{8C6309CF-7DFD-4284-8077-483127B964F6}.Release|Any CPU.ActiveCfg = Release|Any CPU
		{8C6309CF-7DFD-4284-8077-483127B964F6}.Release|Any CPU.Build.0 = Release|Any CPU
	EndGlobalSection
	GlobalSection(SolutionProperties) = preSolution
		HideSolutionNode = FALSE
	EndGlobalSection
	GlobalSection(ExtensibilityGlobals) = postSolution
		SolutionGuid = {406D9C5B-642E-41C6-BDDA-5153CC5DBBD0}
	EndGlobalSection
EndGlobal
